
Microsoft Visual Studio Solution File, Format Version 12.00
# Visual Studio Version 17
VisualStudioVersion = 17.5.33502.453
MinimumVisualStudioVersion = 10.0.40219.1
Project("{9A19103F-16F7-4668-BE54-9A1E7A4F7556}") = "ProjektPW", "ProjektPW\ProjektPW.csproj", "{5AC63860-5EB4-4820-B8D5-2860CE25D8DF}"
EndProject
Project("{FAE04EC0-301F-11D3-BF4B-00C04F79EFBC}") = "ProjectTests", "ProjectTests\ProjectTests.csproj", "{18EADDA4-EA35-46B9-9675-6AFE05B92934}"
EndProject
Global
	GlobalSection(SolutionConfigurationPlatforms) = preSolution
		Debug|Any CPU = Debug|Any CPU
		Release|Any CPU = Release|Any CPU
	EndGlobalSection
	GlobalSection(ProjectConfigurationPlatforms) = postSolution
		{5AC63860-5EB4-4820-B8D5-2860CE25D8DF}.Debug|Any CPU.ActiveCfg = Debug|Any CPU
		{5AC63860-5EB4-4820-B8D5-2860CE25D8DF}.Debug|Any CPU.Build.0 = Debug|Any CPU
		{5AC63860-5EB4-4820-B8D5-2860CE25D8DF}.Release|Any CPU.ActiveCfg = Release|Any CPU
		{5AC63860-5EB4-4820-B8D5-2860CE25D8DF}.Release|Any CPU.Build.0 = Release|Any CPU
		{18EADDA4-EA35-46B9-9675-6AFE05B92934}.Debug|Any CPU.ActiveCfg = Debug|Any CPU
		{18EADDA4-EA35-46B9-9675-6AFE05B92934}.Debug|Any CPU.Build.0 = Debug|Any CPU
		{18EADDA4-EA35-46B9-9675-6AFE05B92934}.Release|Any CPU.ActiveCfg = Release|Any CPU
		{18EADDA4-EA35-46B9-9675-6AFE05B92934}.Release|Any CPU.Build.0 = Release|Any CPU
	EndGlobalSection
	GlobalSection(SolutionProperties) = preSolution
		HideSolutionNode = FALSE
	EndGlobalSection
	GlobalSection(ExtensibilityGlobals) = postSolution
		SolutionGuid = {B361E8E2-C303-4B28-8DC0-D2CE8465A0B5}
	EndGlobalSection
EndGlobal
